// !$*UTF8*$!
{
	archiveVersion = 1;
	classes = {
	};
	objectVersion = 46;
	objects = {

/* Begin PBXBuildFile section */
		02073E24F03D423C7E2CFD7C /* Pods_Safe_Reach.framework in Frameworks */ = {isa = PBXBuildFile; fileRef = 29E9D2024B6CAB2BBE6A8ED7 /* Pods_Safe_Reach.framework */; };
		512A57991DBDC06B00E7FB7A /* AppDelegate.swift in Sources */ = {isa = PBXBuildFile; fileRef = 512A57981DBDC06B00E7FB7A /* AppDelegate.swift */; };
		512A57A01DBDC06B00E7FB7A /* Main.storyboard in Resources */ = {isa = PBXBuildFile; fileRef = 512A579E1DBDC06B00E7FB7A /* Main.storyboard */; };
		512A57A21DBDC06B00E7FB7A /* Assets.xcassets in Resources */ = {isa = PBXBuildFile; fileRef = 512A57A11DBDC06B00E7FB7A /* Assets.xcassets */; };
		512A57A51DBDC06B00E7FB7A /* LaunchScreen.storyboard in Resources */ = {isa = PBXBuildFile; fileRef = 512A57A31DBDC06B00E7FB7A /* LaunchScreen.storyboard */; };
		512A57CA1DBDC8B100E7FB7A /* MapKit.framework in Frameworks */ = {isa = PBXBuildFile; fileRef = 512A57C91DBDC8B100E7FB7A /* MapKit.framework */; };
		512A57CC1DBDCD9B00E7FB7A /* JSON.swift in Sources */ = {isa = PBXBuildFile; fileRef = 512A57CB1DBDCD9B00E7FB7A /* JSON.swift */; };
		512A57CE1DBDCDBA00E7FB7A /* Location.json in Resources */ = {isa = PBXBuildFile; fileRef = 512A57CD1DBDCDBA00E7FB7A /* Location.json */; };
		512A57D01DBDCDDE00E7FB7A /* Locations.swift in Sources */ = {isa = PBXBuildFile; fileRef = 512A57CF1DBDCDDE00E7FB7A /* Locations.swift */; };
		512A57D31DBDCE0400E7FB7A /* MapViewController.swift in Sources */ = {isa = PBXBuildFile; fileRef = 512A57D11DBDCE0400E7FB7A /* MapViewController.swift */; };
		512A57D41DBDCE0400E7FB7A /* VCMapView.swift in Sources */ = {isa = PBXBuildFile; fileRef = 512A57D21DBDCE0400E7FB7A /* VCMapView.swift */; };
		514A9C911DDABD1B00505683 /* TableViewCell.swift in Sources */ = {isa = PBXBuildFile; fileRef = 514A9C8E1DDABD1B00505683 /* TableViewCell.swift */; };
		514A9C921DDABD1B00505683 /* TableViewController.swift in Sources */ = {isa = PBXBuildFile; fileRef = 514A9C8F1DDABD1B00505683 /* TableViewController.swift */; };
		514A9C931DDABD1B00505683 /* DetailViewController.swift in Sources */ = {isa = PBXBuildFile; fileRef = 514A9C901DDABD1B00505683 /* DetailViewController.swift */; };
		517781CD1DE17C02005F7D89 /* OpenEvent.swift in Sources */ = {isa = PBXBuildFile; fileRef = 517781CB1DE17C02005F7D89 /* OpenEvent.swift */; };
		517781CE1DE17C02005F7D89 /* Address.swift in Sources */ = {isa = PBXBuildFile; fileRef = 517781CC1DE17C02005F7D89 /* Address.swift */; };
		517781D21DE17C2E005F7D89 /* OpenEventTableViewCell.swift in Sources */ = {isa = PBXBuildFile; fileRef = 517781D01DE17C2E005F7D89 /* OpenEventTableViewCell.swift */; };
		517781D31DE17C2E005F7D89 /* OpenEventTableViewCell.xib in Resources */ = {isa = PBXBuildFile; fileRef = 517781D11DE17C2E005F7D89 /* OpenEventTableViewCell.xib */; };
		517781D61DE17C4E005F7D89 /* APIManager.swift in Sources */ = {isa = PBXBuildFile; fileRef = 517781D51DE17C4E005F7D89 /* APIManager.swift */; };
		517781D81DE17C69005F7D89 /* OpenEventsTableViewController.swift in Sources */ = {isa = PBXBuildFile; fileRef = 517781D71DE17C69005F7D89 /* OpenEventsTableViewController.swift */; };
		517781DA1DE17C71005F7D89 /* Alert.swift in Sources */ = {isa = PBXBuildFile; fileRef = 517781D91DE17C71005F7D89 /* Alert.swift */; };
		5183A6AA1DDC12DE00AC13EB /* location.gpx in Resources */ = {isa = PBXBuildFile; fileRef = 5183A6A91DDC12DE00AC13EB /* location.gpx */; };
		51D9996F1DE24F7F005F8448 /* LocationSearchTable.swift in Sources */ = {isa = PBXBuildFile; fileRef = 51D9996E1DE24F7F005F8448 /* LocationSearchTable.swift */; };
/* End PBXBuildFile section */

/* Begin PBXContainerItemProxy section */
		512A57AC1DBDC06C00E7FB7A /* PBXContainerItemProxy */ = {
			isa = PBXContainerItemProxy;
			containerPortal = 512A578D1DBDC06B00E7FB7A /* Project object */;
			proxyType = 1;
			remoteGlobalIDString = 512A57941DBDC06B00E7FB7A;
			remoteInfo = "Safe Reach";
		};
		512A57B71DBDC06C00E7FB7A /* PBXContainerItemProxy */ = {
			isa = PBXContainerItemProxy;
			containerPortal = 512A578D1DBDC06B00E7FB7A /* Project object */;
			proxyType = 1;
			remoteGlobalIDString = 512A57941DBDC06B00E7FB7A;
			remoteInfo = "Safe Reach";
		};
/* End PBXContainerItemProxy section */

/* Begin PBXFileReference section */
		1442E7181F2937655374B652 /* Pods_Safe_ReachUITests.framework */ = {isa = PBXFileReference; explicitFileType = wrapper.framework; includeInIndex = 0; path = Pods_Safe_ReachUITests.framework; sourceTree = BUILT_PRODUCTS_DIR; };
		1B26167FFF897205B43D25DB /* Pods-Safe Reach.debug.xcconfig */ = {isa = PBXFileReference; includeInIndex = 1; lastKnownFileType = text.xcconfig; name = "Pods-Safe Reach.debug.xcconfig"; path = "Pods/Target Support Files/Pods-Safe Reach/Pods-Safe Reach.debug.xcconfig"; sourceTree = "<group>"; };
		29E9D2024B6CAB2BBE6A8ED7 /* Pods_Safe_Reach.framework */ = {isa = PBXFileReference; explicitFileType = wrapper.framework; includeInIndex = 0; path = Pods_Safe_Reach.framework; sourceTree = BUILT_PRODUCTS_DIR; };
		3D05EFB0C20B51C556448F58 /* Pods-Safe Reach.release.xcconfig */ = {isa = PBXFileReference; includeInIndex = 1; lastKnownFileType = text.xcconfig; name = "Pods-Safe Reach.release.xcconfig"; path = "Pods/Target Support Files/Pods-Safe Reach/Pods-Safe Reach.release.xcconfig"; sourceTree = "<group>"; };
		512A57951DBDC06B00E7FB7A /* Safe Reach.app */ = {isa = PBXFileReference; explicitFileType = wrapper.application; includeInIndex = 0; path = "Safe Reach.app"; sourceTree = BUILT_PRODUCTS_DIR; };
		512A57981DBDC06B00E7FB7A /* AppDelegate.swift */ = {isa = PBXFileReference; lastKnownFileType = sourcecode.swift; path = AppDelegate.swift; sourceTree = "<group>"; };
		512A579F1DBDC06B00E7FB7A /* Base */ = {isa = PBXFileReference; lastKnownFileType = file.storyboard; name = Base; path = Base.lproj/Main.storyboard; sourceTree = "<group>"; };
		512A57A11DBDC06B00E7FB7A /* Assets.xcassets */ = {isa = PBXFileReference; lastKnownFileType = folder.assetcatalog; path = Assets.xcassets; sourceTree = "<group>"; };
		512A57A41DBDC06B00E7FB7A /* Base */ = {isa = PBXFileReference; lastKnownFileType = file.storyboard; name = Base; path = Base.lproj/LaunchScreen.storyboard; sourceTree = "<group>"; };
		512A57A61DBDC06B00E7FB7A /* Info.plist */ = {isa = PBXFileReference; lastKnownFileType = text.plist.xml; path = Info.plist; sourceTree = "<group>"; };
		512A57AB1DBDC06B00E7FB7A /* Safe ReachTests.xctest */ = {isa = PBXFileReference; explicitFileType = wrapper.cfbundle; includeInIndex = 0; path = "Safe ReachTests.xctest"; sourceTree = BUILT_PRODUCTS_DIR; };
		512A57B61DBDC06C00E7FB7A /* Safe ReachUITests.xctest */ = {isa = PBXFileReference; explicitFileType = wrapper.cfbundle; includeInIndex = 0; path = "Safe ReachUITests.xctest"; sourceTree = BUILT_PRODUCTS_DIR; };
		512A57C91DBDC8B100E7FB7A /* MapKit.framework */ = {isa = PBXFileReference; lastKnownFileType = wrapper.framework; name = MapKit.framework; path = System/Library/Frameworks/MapKit.framework; sourceTree = SDKROOT; };
		512A57CB1DBDCD9B00E7FB7A /* JSON.swift */ = {isa = PBXFileReference; fileEncoding = 4; lastKnownFileType = sourcecode.swift; path = JSON.swift; sourceTree = "<group>"; };
		512A57CD1DBDCDBA00E7FB7A /* Location.json */ = {isa = PBXFileReference; fileEncoding = 4; lastKnownFileType = text.json; path = Location.json; sourceTree = "<group>"; };
		512A57CF1DBDCDDE00E7FB7A /* Locations.swift */ = {isa = PBXFileReference; fileEncoding = 4; lastKnownFileType = sourcecode.swift; path = Locations.swift; sourceTree = "<group>"; };
		512A57D11DBDCE0400E7FB7A /* MapViewController.swift */ = {isa = PBXFileReference; fileEncoding = 4; lastKnownFileType = sourcecode.swift; path = MapViewController.swift; sourceTree = "<group>"; };
		512A57D21DBDCE0400E7FB7A /* VCMapView.swift */ = {isa = PBXFileReference; fileEncoding = 4; lastKnownFileType = sourcecode.swift; path = VCMapView.swift; sourceTree = "<group>"; };
		514A9C8E1DDABD1B00505683 /* TableViewCell.swift */ = {isa = PBXFileReference; fileEncoding = 4; lastKnownFileType = sourcecode.swift; path = TableViewCell.swift; sourceTree = "<group>"; };
		514A9C8F1DDABD1B00505683 /* TableViewController.swift */ = {isa = PBXFileReference; fileEncoding = 4; lastKnownFileType = sourcecode.swift; path = TableViewController.swift; sourceTree = "<group>"; };
		514A9C901DDABD1B00505683 /* DetailViewController.swift */ = {isa = PBXFileReference; fileEncoding = 4; lastKnownFileType = sourcecode.swift; path = DetailViewController.swift; sourceTree = "<group>"; };
		517781CB1DE17C02005F7D89 /* OpenEvent.swift */ = {isa = PBXFileReference; fileEncoding = 4; lastKnownFileType = sourcecode.swift; path = OpenEvent.swift; sourceTree = "<group>"; };
		517781CC1DE17C02005F7D89 /* Address.swift */ = {isa = PBXFileReference; fileEncoding = 4; lastKnownFileType = sourcecode.swift; path = Address.swift; sourceTree = "<group>"; };
		517781D01DE17C2E005F7D89 /* OpenEventTableViewCell.swift */ = {isa = PBXFileReference; fileEncoding = 4; lastKnownFileType = sourcecode.swift; path = OpenEventTableViewCell.swift; sourceTree = "<group>"; };
		517781D11DE17C2E005F7D89 /* OpenEventTableViewCell.xib */ = {isa = PBXFileReference; fileEncoding = 4; lastKnownFileType = file.xib; path = OpenEventTableViewCell.xib; sourceTree = "<group>"; };
		517781D51DE17C4E005F7D89 /* APIManager.swift */ = {isa = PBXFileReference; fileEncoding = 4; lastKnownFileType = sourcecode.swift; path = APIManager.swift; sourceTree = "<group>"; };
		517781D71DE17C69005F7D89 /* OpenEventsTableViewController.swift */ = {isa = PBXFileReference; fileEncoding = 4; lastKnownFileType = sourcecode.swift; path = OpenEventsTableViewController.swift; sourceTree = "<group>"; };
		517781D91DE17C71005F7D89 /* Alert.swift */ = {isa = PBXFileReference; fileEncoding = 4; lastKnownFileType = sourcecode.swift; path = Alert.swift; sourceTree = "<group>"; };
		517781DB1DE17C79005F7D89 /* BridgingHeader.h */ = {isa = PBXFileReference; lastKnownFileType = sourcecode.c.h; path = BridgingHeader.h; sourceTree = "<group>"; };
		5183A6A91DDC12DE00AC13EB /* location.gpx */ = {isa = PBXFileReference; fileEncoding = 4; lastKnownFileType = text.xml; name = location.gpx; path = ../location.gpx; sourceTree = "<group>"; };
		51D9996E1DE24F7F005F8448 /* LocationSearchTable.swift */ = {isa = PBXFileReference; fileEncoding = 4; lastKnownFileType = sourcecode.swift; path = LocationSearchTable.swift; sourceTree = "<group>"; };
		844F8A3961D4F3E7E22EDDEF /* Pods_Safe_ReachTests.framework */ = {isa = PBXFileReference; explicitFileType = wrapper.framework; includeInIndex = 0; path = Pods_Safe_ReachTests.framework; sourceTree = BUILT_PRODUCTS_DIR; };
/* End PBXFileReference section */

/* Begin PBXFrameworksBuildPhase section */
		512A57921DBDC06B00E7FB7A /* Frameworks */ = {
			isa = PBXFrameworksBuildPhase;
			buildActionMask = 2147483647;
			files = (
				512A57CA1DBDC8B100E7FB7A /* MapKit.framework in Frameworks */,
				02073E24F03D423C7E2CFD7C /* Pods_Safe_Reach.framework in Frameworks */,
			);
			runOnlyForDeploymentPostprocessing = 0;
		};
		512A57A81DBDC06B00E7FB7A /* Frameworks */ = {
			isa = PBXFrameworksBuildPhase;
			buildActionMask = 2147483647;
			files = (
			);
			runOnlyForDeploymentPostprocessing = 0;
		};
		512A57B31DBDC06C00E7FB7A /* Frameworks */ = {
			isa = PBXFrameworksBuildPhase;
			buildActionMask = 2147483647;
			files = (
			);
			runOnlyForDeploymentPostprocessing = 0;
		};
/* End PBXFrameworksBuildPhase section */

/* Begin PBXGroup section */
		5115845D1DC2E01F005572BF /* View */ = {
			isa = PBXGroup;
			children = (
				512A579E1DBDC06B00E7FB7A /* Main.storyboard */,
				512A57A31DBDC06B00E7FB7A /* LaunchScreen.storyboard */,
				517781CF1DE17C18005F7D89 /* Custom Cell */,
				51F7A4FB1DDAC76C007EB571 /* Map */,
				514A9C8D1DDABD0300505683 /* TableView */,
			);
			name = View;
			sourceTree = "<group>";
		};
		5115845E1DC2E027005572BF /* Model */ = {
			isa = PBXGroup;
			children = (
				517781D41DE17C43005F7D89 /* API */,
				517781CB1DE17C02005F7D89 /* OpenEvent.swift */,
				517781CC1DE17C02005F7D89 /* Address.swift */,
				517781D91DE17C71005F7D89 /* Alert.swift */,
			);
			name = Model;
			sourceTree = "<group>";
		};
		5115845F1DC2E030005572BF /* Controller */ = {
			isa = PBXGroup;
			children = (
				517781D71DE17C69005F7D89 /* OpenEventsTableViewController.swift */,
			);
			name = Controller;
			sourceTree = "<group>";
		};
		512A578C1DBDC06B00E7FB7A = {
			isa = PBXGroup;
			children = (
				512A57971DBDC06B00E7FB7A /* Safe Reach */,
				512A57961DBDC06B00E7FB7A /* Products */,
				512A57C81DBDC8B100E7FB7A /* Frameworks */,
				9AF5C21BA4F8089A1B7B4C61 /* Pods */,
			);
			sourceTree = "<group>";
		};
		512A57961DBDC06B00E7FB7A /* Products */ = {
			isa = PBXGroup;
			children = (
				512A57951DBDC06B00E7FB7A /* Safe Reach.app */,
				512A57AB1DBDC06B00E7FB7A /* Safe ReachTests.xctest */,
				512A57B61DBDC06C00E7FB7A /* Safe ReachUITests.xctest */,
			);
			name = Products;
			sourceTree = "<group>";
		};
		512A57971DBDC06B00E7FB7A /* Safe Reach */ = {
			isa = PBXGroup;
			children = (
				5115845F1DC2E030005572BF /* Controller */,
				5115845E1DC2E027005572BF /* Model */,
				5115845D1DC2E01F005572BF /* View */,
				512A57981DBDC06B00E7FB7A /* AppDelegate.swift */,
				512A57A11DBDC06B00E7FB7A /* Assets.xcassets */,
				512A57A61DBDC06B00E7FB7A /* Info.plist */,
				5183A6A91DDC12DE00AC13EB /* location.gpx */,
				517781DB1DE17C79005F7D89 /* BridgingHeader.h */,
			);
			path = "Safe Reach";
			sourceTree = "<group>";
		};
		512A57C81DBDC8B100E7FB7A /* Frameworks */ = {
			isa = PBXGroup;
			children = (
				512A57C91DBDC8B100E7FB7A /* MapKit.framework */,
				29E9D2024B6CAB2BBE6A8ED7 /* Pods_Safe_Reach.framework */,
				844F8A3961D4F3E7E22EDDEF /* Pods_Safe_ReachTests.framework */,
				1442E7181F2937655374B652 /* Pods_Safe_ReachUITests.framework */,
			);
			name = Frameworks;
			sourceTree = "<group>";
		};
		514A9C8D1DDABD0300505683 /* TableView */ = {
			isa = PBXGroup;
			children = (
				514A9C8E1DDABD1B00505683 /* TableViewCell.swift */,
				514A9C8F1DDABD1B00505683 /* TableViewController.swift */,
				514A9C901DDABD1B00505683 /* DetailViewController.swift */,
			);
			name = TableView;
			sourceTree = "<group>";
		};
		517781CF1DE17C18005F7D89 /* Custom Cell */ = {
			isa = PBXGroup;
			children = (
				517781D01DE17C2E005F7D89 /* OpenEventTableViewCell.swift */,
				517781D11DE17C2E005F7D89 /* OpenEventTableViewCell.xib */,
			);
			name = "Custom Cell";
			sourceTree = "<group>";
		};
		517781D41DE17C43005F7D89 /* API */ = {
			isa = PBXGroup;
			children = (
				517781D51DE17C4E005F7D89 /* APIManager.swift */,
			);
			name = API;
			sourceTree = "<group>";
		};
		51D9996B1DE1FDB6005F8448 /* SearchBar */ = {
			isa = PBXGroup;
			children = (
				51D9996E1DE24F7F005F8448 /* LocationSearchTable.swift */,
			);
			name = SearchBar;
			sourceTree = "<group>";
		};
		51F7A4FB1DDAC76C007EB571 /* Map */ = {
			isa = PBXGroup;
			children = (
				51D9996B1DE1FDB6005F8448 /* SearchBar */,
				512A57D11DBDCE0400E7FB7A /* MapViewController.swift */,
				512A57D21DBDCE0400E7FB7A /* VCMapView.swift */,
				512A57CF1DBDCDDE00E7FB7A /* Locations.swift */,
				512A57CD1DBDCDBA00E7FB7A /* Location.json */,
				512A57CB1DBDCD9B00E7FB7A /* JSON.swift */,
			);
			name = Map;
			sourceTree = "<group>";
		};
		9AF5C21BA4F8089A1B7B4C61 /* Pods */ = {
			isa = PBXGroup;
			children = (
				1B26167FFF897205B43D25DB /* Pods-Safe Reach.debug.xcconfig */,
				3D05EFB0C20B51C556448F58 /* Pods-Safe Reach.release.xcconfig */,
			);
			name = Pods;
			sourceTree = "<group>";
		};
/* End PBXGroup section */

/* Begin PBXNativeTarget section */
		512A57941DBDC06B00E7FB7A /* Safe Reach */ = {
			isa = PBXNativeTarget;
			buildConfigurationList = 512A57BF1DBDC06C00E7FB7A /* Build configuration list for PBXNativeTarget "Safe Reach" */;
			buildPhases = (
				B647F8392F7B97DEF93BCC14 /* [CP] Check Pods Manifest.lock */,
				512A57911DBDC06B00E7FB7A /* Sources */,
				512A57921DBDC06B00E7FB7A /* Frameworks */,
				512A57931DBDC06B00E7FB7A /* Resources */,
				20F86F6655D0A8665E800A7A /* [CP] Embed Pods Frameworks */,
				14140716AF180A63FF0455BA /* [CP] Copy Pods Resources */,
			);
			buildRules = (
			);
			dependencies = (
			);
			name = "Safe Reach";
			productName = "Safe Reach";
			productReference = 512A57951DBDC06B00E7FB7A /* Safe Reach.app */;
			productType = "com.apple.product-type.application";
		};
		512A57AA1DBDC06B00E7FB7A /* Safe ReachTests */ = {
			isa = PBXNativeTarget;
			buildConfigurationList = 512A57C21DBDC06C00E7FB7A /* Build configuration list for PBXNativeTarget "Safe ReachTests" */;
			buildPhases = (
				D518FBA8335E9F0B2B8CF6A7 /* [CP] Check Pods Manifest.lock */,
				512A57A71DBDC06B00E7FB7A /* Sources */,
				512A57A81DBDC06B00E7FB7A /* Frameworks */,
				512A57A91DBDC06B00E7FB7A /* Resources */,
				DEC82AE58B7E410FBD5B9901 /* [CP] Embed Pods Frameworks */,
				761317236248875E3397221B /* [CP] Copy Pods Resources */,
			);
			buildRules = (
			);
			dependencies = (
				512A57AD1DBDC06C00E7FB7A /* PBXTargetDependency */,
			);
			name = "Safe ReachTests";
			productName = "Safe ReachTests";
			productReference = 512A57AB1DBDC06B00E7FB7A /* Safe ReachTests.xctest */;
			productType = "com.apple.product-type.bundle.unit-test";
		};
		512A57B51DBDC06C00E7FB7A /* Safe ReachUITests */ = {
			isa = PBXNativeTarget;
			buildConfigurationList = 512A57C51DBDC06C00E7FB7A /* Build configuration list for PBXNativeTarget "Safe ReachUITests" */;
			buildPhases = (
				F356912E5E897649C0FADDE2 /* [CP] Check Pods Manifest.lock */,
				512A57B21DBDC06C00E7FB7A /* Sources */,
				512A57B31DBDC06C00E7FB7A /* Frameworks */,
				512A57B41DBDC06C00E7FB7A /* Resources */,
				FAF0B760958F507F546418AA /* [CP] Copy Pods Resources */,
			);
			buildRules = (
			);
			dependencies = (
				512A57B81DBDC06C00E7FB7A /* PBXTargetDependency */,
			);
			name = "Safe ReachUITests";
			productName = "Safe ReachUITests";
			productReference = 512A57B61DBDC06C00E7FB7A /* Safe ReachUITests.xctest */;
			productType = "com.apple.product-type.bundle.ui-testing";
		};
/* End PBXNativeTarget section */

/* Begin PBXProject section */
		512A578D1DBDC06B00E7FB7A /* Project object */ = {
			isa = PBXProject;
			attributes = {
				LastSwiftUpdateCheck = 0800;
				LastUpgradeCheck = 0800;
				ORGANIZATIONNAME = "Gina De La Rosa";
				TargetAttributes = {
					512A57941DBDC06B00E7FB7A = {
						CreatedOnToolsVersion = 8.0;
						DevelopmentTeam = A6GUQ7XNWR;
						LastSwiftMigration = 0800;
						ProvisioningStyle = Automatic;
						SystemCapabilities = {
							com.apple.Maps.iOS = {
								enabled = 1;
							};
						};
					};
					512A57AA1DBDC06B00E7FB7A = {
						CreatedOnToolsVersion = 8.0;
						DevelopmentTeam = A6GUQ7XNWR;
						LastSwiftMigration = 0800;
						ProvisioningStyle = Automatic;
						TestTargetID = 512A57941DBDC06B00E7FB7A;
					};
					512A57B51DBDC06C00E7FB7A = {
						CreatedOnToolsVersion = 8.0;
						DevelopmentTeam = A6GUQ7XNWR;
						LastSwiftMigration = 0800;
						ProvisioningStyle = Automatic;
						TestTargetID = 512A57941DBDC06B00E7FB7A;
					};
				};
			};
			buildConfigurationList = 512A57901DBDC06B00E7FB7A /* Build configuration list for PBXProject "Safe Reach" */;
			compatibilityVersion = "Xcode 3.2";
			developmentRegion = English;
			hasScannedForEncodings = 0;
			knownRegions = (
				en,
				Base,
			);
			mainGroup = 512A578C1DBDC06B00E7FB7A;
			productRefGroup = 512A57961DBDC06B00E7FB7A /* Products */;
			projectDirPath = "";
			projectRoot = "";
			targets = (
				512A57941DBDC06B00E7FB7A /* Safe Reach */,
				512A57AA1DBDC06B00E7FB7A /* Safe ReachTests */,
				512A57B51DBDC06C00E7FB7A /* Safe ReachUITests */,
			);
		};
/* End PBXProject section */

/* Begin PBXResourcesBuildPhase section */
		512A57931DBDC06B00E7FB7A /* Resources */ = {
			isa = PBXResourcesBuildPhase;
			buildActionMask = 2147483647;
			files = (
				512A57A51DBDC06B00E7FB7A /* LaunchScreen.storyboard in Resources */,
				512A57CE1DBDCDBA00E7FB7A /* Location.json in Resources */,
				5183A6AA1DDC12DE00AC13EB /* location.gpx in Resources */,
				512A57A21DBDC06B00E7FB7A /* Assets.xcassets in Resources */,
				517781D31DE17C2E005F7D89 /* OpenEventTableViewCell.xib in Resources */,
				512A57A01DBDC06B00E7FB7A /* Main.storyboard in Resources */,
			);
			runOnlyForDeploymentPostprocessing = 0;
		};
		512A57A91DBDC06B00E7FB7A /* Resources */ = {
			isa = PBXResourcesBuildPhase;
			buildActionMask = 2147483647;
			files = (
			);
			runOnlyForDeploymentPostprocessing = 0;
		};
		512A57B41DBDC06C00E7FB7A /* Resources */ = {
			isa = PBXResourcesBuildPhase;
			buildActionMask = 2147483647;
			files = (
			);
			runOnlyForDeploymentPostprocessing = 0;
		};
/* End PBXResourcesBuildPhase section */

/* Begin PBXShellScriptBuildPhase section */
		14140716AF180A63FF0455BA /* [CP] Copy Pods Resources */ = {
			isa = PBXShellScriptBuildPhase;
			buildActionMask = 2147483647;
			files = (
			);
			inputPaths = (
			);
			name = "[CP] Copy Pods Resources";
			outputPaths = (
			);
			runOnlyForDeploymentPostprocessing = 0;
			shellPath = /bin/sh;
			shellScript = "\"${SRCROOT}/Pods/Target Support Files/Pods-Safe Reach/Pods-Safe Reach-resources.sh\"\n";
			showEnvVarsInLog = 0;
		};
		20F86F6655D0A8665E800A7A /* [CP] Embed Pods Frameworks */ = {
			isa = PBXShellScriptBuildPhase;
			buildActionMask = 2147483647;
			files = (
			);
			inputPaths = (
			);
			name = "[CP] Embed Pods Frameworks";
			outputPaths = (
			);
			runOnlyForDeploymentPostprocessing = 0;
			shellPath = /bin/sh;
			shellScript = "\"${SRCROOT}/Pods/Target Support Files/Pods-Safe Reach/Pods-Safe Reach-frameworks.sh\"\n";
			showEnvVarsInLog = 0;
		};
		761317236248875E3397221B /* [CP] Copy Pods Resources */ = {
			isa = PBXShellScriptBuildPhase;
			buildActionMask = 2147483647;
			files = (
			);
			inputPaths = (
			);
			name = "[CP] Copy Pods Resources";
			outputPaths = (
			);
			runOnlyForDeploymentPostprocessing = 0;
			shellPath = /bin/sh;
			shellScript = "\"${SRCROOT}/Pods/Target Support Files/Pods-Safe ReachTests/Pods-Safe ReachTests-resources.sh\"\n";
			showEnvVarsInLog = 0;
		};
		B647F8392F7B97DEF93BCC14 /* [CP] Check Pods Manifest.lock */ = {
			isa = PBXShellScriptBuildPhase;
			buildActionMask = 2147483647;
			files = (
			);
			inputPaths = (
			);
			name = "[CP] Check Pods Manifest.lock";
			outputPaths = (
			);
			runOnlyForDeploymentPostprocessing = 0;
			shellPath = /bin/sh;
			shellScript = "diff \"${PODS_ROOT}/../Podfile.lock\" \"${PODS_ROOT}/Manifest.lock\" > /dev/null\nif [[ $? != 0 ]] ; then\n    cat << EOM\nerror: The sandbox is not in sync with the Podfile.lock. Run 'pod install' or update your CocoaPods installation.\nEOM\n    exit 1\nfi\n";
			showEnvVarsInLog = 0;
		};
		D518FBA8335E9F0B2B8CF6A7 /* [CP] Check Pods Manifest.lock */ = {
			isa = PBXShellScriptBuildPhase;
			buildActionMask = 2147483647;
			files = (
			);
			inputPaths = (
			);
			name = "[CP] Check Pods Manifest.lock";
			outputPaths = (
			);
			runOnlyForDeploymentPostprocessing = 0;
			shellPath = /bin/sh;
			shellScript = "diff \"${PODS_ROOT}/../Podfile.lock\" \"${PODS_ROOT}/Manifest.lock\" > /dev/null\nif [[ $? != 0 ]] ; then\n    cat << EOM\nerror: The sandbox is not in sync with the Podfile.lock. Run 'pod install' or update your CocoaPods installation.\nEOM\n    exit 1\nfi\n";
			showEnvVarsInLog = 0;
		};
		DEC82AE58B7E410FBD5B9901 /* [CP] Embed Pods Frameworks */ = {
			isa = PBXShellScriptBuildPhase;
			buildActionMask = 2147483647;
			files = (
			);
			inputPaths = (
			);
			name = "[CP] Embed Pods Frameworks";
			outputPaths = (
			);
			runOnlyForDeploymentPostprocessing = 0;
			shellPath = /bin/sh;
			shellScript = "\"${SRCROOT}/Pods/Target Support Files/Pods-Safe ReachTests/Pods-Safe ReachTests-frameworks.sh\"\n";
			showEnvVarsInLog = 0;
		};
		F356912E5E897649C0FADDE2 /* [CP] Check Pods Manifest.lock */ = {
			isa = PBXShellScriptBuildPhase;
			buildActionMask = 2147483647;
			files = (
			);
			inputPaths = (
			);
			name = "[CP] Check Pods Manifest.lock";
			outputPaths = (
			);
			runOnlyForDeploymentPostprocessing = 0;
			shellPath = /bin/sh;
			shellScript = "diff \"${PODS_ROOT}/../Podfile.lock\" \"${PODS_ROOT}/Manifest.lock\" > /dev/null\nif [[ $? != 0 ]] ; then\n    cat << EOM\nerror: The sandbox is not in sync with the Podfile.lock. Run 'pod install' or update your CocoaPods installation.\nEOM\n    exit 1\nfi\n";
			showEnvVarsInLog = 0;
		};
		FAF0B760958F507F546418AA /* [CP] Copy Pods Resources */ = {
			isa = PBXShellScriptBuildPhase;
			buildActionMask = 2147483647;
			files = (
			);
			inputPaths = (
			);
			name = "[CP] Copy Pods Resources";
			outputPaths = (
			);
			runOnlyForDeploymentPostprocessing = 0;
			shellPath = /bin/sh;
			shellScript = "\"${SRCROOT}/Pods/Target Support Files/Pods-Safe ReachUITests/Pods-Safe ReachUITests-resources.sh\"\n";
			showEnvVarsInLog = 0;
		};
/* End PBXShellScriptBuildPhase section */

/* Begin PBXSourcesBuildPhase section */
		512A57911DBDC06B00E7FB7A /* Sources */ = {
			isa = PBXSourcesBuildPhase;
			buildActionMask = 2147483647;
			files = (
				517781CD1DE17C02005F7D89 /* OpenEvent.swift in Sources */,
				517781D21DE17C2E005F7D89 /* OpenEventTableViewCell.swift in Sources */,
				517781DA1DE17C71005F7D89 /* Alert.swift in Sources */,
				512A57D31DBDCE0400E7FB7A /* MapViewController.swift in Sources */,
				512A57991DBDC06B00E7FB7A /* AppDelegate.swift in Sources */,
				514A9C921DDABD1B00505683 /* TableViewController.swift in Sources */,
				51D9996F1DE24F7F005F8448 /* LocationSearchTable.swift in Sources */,
				512A57D01DBDCDDE00E7FB7A /* Locations.swift in Sources */,
				512A57D41DBDCE0400E7FB7A /* VCMapView.swift in Sources */,
				514A9C911DDABD1B00505683 /* TableViewCell.swift in Sources */,
				514A9C931DDABD1B00505683 /* DetailViewController.swift in Sources */,
				517781D81DE17C69005F7D89 /* OpenEventsTableViewController.swift in Sources */,
				517781D61DE17C4E005F7D89 /* APIManager.swift in Sources */,
				517781CE1DE17C02005F7D89 /* Address.swift in Sources */,
				512A57CC1DBDCD9B00E7FB7A /* JSON.swift in Sources */,
			);
			runOnlyForDeploymentPostprocessing = 0;
		};
		512A57A71DBDC06B00E7FB7A /* Sources */ = {
			isa = PBXSourcesBuildPhase;
			buildActionMask = 2147483647;
			files = (
			);
			runOnlyForDeploymentPostprocessing = 0;
		};
		512A57B21DBDC06C00E7FB7A /* Sources */ = {
			isa = PBXSourcesBuildPhase;
			buildActionMask = 2147483647;
			files = (
			);
			runOnlyForDeploymentPostprocessing = 0;
		};
/* End PBXSourcesBuildPhase section */

/* Begin PBXTargetDependency section */
		512A57AD1DBDC06C00E7FB7A /* PBXTargetDependency */ = {
			isa = PBXTargetDependency;
			target = 512A57941DBDC06B00E7FB7A /* Safe Reach */;
			targetProxy = 512A57AC1DBDC06C00E7FB7A /* PBXContainerItemProxy */;
		};
		512A57B81DBDC06C00E7FB7A /* PBXTargetDependency */ = {
			isa = PBXTargetDependency;
			target = 512A57941DBDC06B00E7FB7A /* Safe Reach */;
			targetProxy = 512A57B71DBDC06C00E7FB7A /* PBXContainerItemProxy */;
		};
/* End PBXTargetDependency section */

/* Begin PBXVariantGroup section */
		512A579E1DBDC06B00E7FB7A /* Main.storyboard */ = {
			isa = PBXVariantGroup;
			children = (
				512A579F1DBDC06B00E7FB7A /* Base */,
			);
			name = Main.storyboard;
			sourceTree = "<group>";
		};
		512A57A31DBDC06B00E7FB7A /* LaunchScreen.storyboard */ = {
			isa = PBXVariantGroup;
			children = (
				512A57A41DBDC06B00E7FB7A /* Base */,
			);
			name = LaunchScreen.storyboard;
			sourceTree = "<group>";
		};
/* End PBXVariantGroup section */

/* Begin XCBuildConfiguration section */
		512A57BD1DBDC06C00E7FB7A /* Debug */ = {
			isa = XCBuildConfiguration;
			buildSettings = {
				ALWAYS_SEARCH_USER_PATHS = NO;
				CLANG_ANALYZER_NONNULL = YES;
				CLANG_CXX_LANGUAGE_STANDARD = "gnu++0x";
				CLANG_CXX_LIBRARY = "libc++";
				CLANG_ENABLE_MODULES = YES;
				CLANG_ENABLE_OBJC_ARC = YES;
				CLANG_WARN_BOOL_CONVERSION = YES;
				CLANG_WARN_CONSTANT_CONVERSION = YES;
				CLANG_WARN_DIRECT_OBJC_ISA_USAGE = YES_ERROR;
				CLANG_WARN_DOCUMENTATION_COMMENTS = YES;
				CLANG_WARN_EMPTY_BODY = YES;
				CLANG_WARN_ENUM_CONVERSION = YES;
				CLANG_WARN_INFINITE_RECURSION = YES;
				CLANG_WARN_INT_CONVERSION = YES;
				CLANG_WARN_OBJC_ROOT_CLASS = YES_ERROR;
				CLANG_WARN_SUSPICIOUS_MOVES = YES;
				CLANG_WARN_UNREACHABLE_CODE = YES;
				CLANG_WARN__DUPLICATE_METHOD_MATCH = YES;
				"CODE_SIGN_IDENTITY[sdk=iphoneos*]" = "iPhone Developer";
				COPY_PHASE_STRIP = NO;
				DEBUG_INFORMATION_FORMAT = dwarf;
				ENABLE_STRICT_OBJC_MSGSEND = YES;
				ENABLE_TESTABILITY = YES;
				GCC_C_LANGUAGE_STANDARD = gnu99;
				GCC_DYNAMIC_NO_PIC = NO;
				GCC_NO_COMMON_BLOCKS = YES;
				GCC_OPTIMIZATION_LEVEL = 0;
				GCC_PREPROCESSOR_DEFINITIONS = (
					"DEBUG=1",
					"$(inherited)",
				);
				GCC_WARN_64_TO_32_BIT_CONVERSION = YES;
				GCC_WARN_ABOUT_RETURN_TYPE = YES_ERROR;
				GCC_WARN_UNDECLARED_SELECTOR = YES;
				GCC_WARN_UNINITIALIZED_AUTOS = YES_AGGRESSIVE;
				GCC_WARN_UNUSED_FUNCTION = YES;
				GCC_WARN_UNUSED_VARIABLE = YES;
				IPHONEOS_DEPLOYMENT_TARGET = 10.0;
				MTL_ENABLE_DEBUG_INFO = YES;
				ONLY_ACTIVE_ARCH = YES;
				SDKROOT = iphoneos;
				SWIFT_ACTIVE_COMPILATION_CONDITIONS = DEBUG;
				SWIFT_OPTIMIZATION_LEVEL = "-Onone";
				TARGETED_DEVICE_FAMILY = "1,2";
			};
			name = Debug;
		};
		512A57BE1DBDC06C00E7FB7A /* Release */ = {
			isa = XCBuildConfiguration;
			buildSettings = {
				ALWAYS_SEARCH_USER_PATHS = NO;
				CLANG_ANALYZER_NONNULL = YES;
				CLANG_CXX_LANGUAGE_STANDARD = "gnu++0x";
				CLANG_CXX_LIBRARY = "libc++";
				CLANG_ENABLE_MODULES = YES;
				CLANG_ENABLE_OBJC_ARC = YES;
				CLANG_WARN_BOOL_CONVERSION = YES;
				CLANG_WARN_CONSTANT_CONVERSION = YES;
				CLANG_WARN_DIRECT_OBJC_ISA_USAGE = YES_ERROR;
				CLANG_WARN_DOCUMENTATION_COMMENTS = YES;
				CLANG_WARN_EMPTY_BODY = YES;
				CLANG_WARN_ENUM_CONVERSION = YES;
				CLANG_WARN_INFINITE_RECURSION = YES;
				CLANG_WARN_INT_CONVERSION = YES;
				CLANG_WARN_OBJC_ROOT_CLASS = YES_ERROR;
				CLANG_WARN_SUSPICIOUS_MOVES = YES;
				CLANG_WARN_UNREACHABLE_CODE = YES;
				CLANG_WARN__DUPLICATE_METHOD_MATCH = YES;
				"CODE_SIGN_IDENTITY[sdk=iphoneos*]" = "iPhone Developer";
				COPY_PHASE_STRIP = NO;
				DEBUG_INFORMATION_FORMAT = "dwarf-with-dsym";
				ENABLE_NS_ASSERTIONS = NO;
				ENABLE_STRICT_OBJC_MSGSEND = YES;
				GCC_C_LANGUAGE_STANDARD = gnu99;
				GCC_NO_COMMON_BLOCKS = YES;
				GCC_WARN_64_TO_32_BIT_CONVERSION = YES;
				GCC_WARN_ABOUT_RETURN_TYPE = YES_ERROR;
				GCC_WARN_UNDECLARED_SELECTOR = YES;
				GCC_WARN_UNINITIALIZED_AUTOS = YES_AGGRESSIVE;
				GCC_WARN_UNUSED_FUNCTION = YES;
				GCC_WARN_UNUSED_VARIABLE = YES;
				IPHONEOS_DEPLOYMENT_TARGET = 10.0;
				MTL_ENABLE_DEBUG_INFO = NO;
				SDKROOT = iphoneos;
				SWIFT_OPTIMIZATION_LEVEL = "-Owholemodule";
				TARGETED_DEVICE_FAMILY = "1,2";
				VALIDATE_PRODUCT = YES;
			};
			name = Release;
		};
		512A57C01DBDC06C00E7FB7A /* Debug */ = {
			isa = XCBuildConfiguration;
			baseConfigurationReference = 1B26167FFF897205B43D25DB /* Pods-Safe Reach.debug.xcconfig */;
			buildSettings = {
				ASSETCATALOG_COMPILER_APPICON_NAME = AppIcon;
				DEVELOPMENT_TEAM = A6GUQ7XNWR;
				INFOPLIST_FILE = "Safe Reach/Info.plist";
				LD_RUNPATH_SEARCH_PATHS = "$(inherited) @executable_path/Frameworks";
				PRODUCT_BUNDLE_IDENTIFIER = "com.ginadlr.Safe-Reach";
				PRODUCT_NAME = "$(TARGET_NAME)";
				SWIFT_VERSION = 3.0;
			};
			name = Debug;
		};
		512A57C11DBDC06C00E7FB7A /* Release */ = {
			isa = XCBuildConfiguration;
			baseConfigurationReference = 3D05EFB0C20B51C556448F58 /* Pods-Safe Reach.release.xcconfig */;
			buildSettings = {
				ASSETCATALOG_COMPILER_APPICON_NAME = AppIcon;
				DEVELOPMENT_TEAM = A6GUQ7XNWR;
				INFOPLIST_FILE = "Safe Reach/Info.plist";
				LD_RUNPATH_SEARCH_PATHS = "$(inherited) @executable_path/Frameworks";
				PRODUCT_BUNDLE_IDENTIFIER = "com.ginadlr.Safe-Reach";
				PRODUCT_NAME = "$(TARGET_NAME)";
				SWIFT_VERSION = 3.0;
			};
			name = Release;
		};
		512A57C31DBDC06C00E7FB7A /* Debug */ = {
			isa = XCBuildConfiguration;
			buildSettings = {
				ALWAYS_EMBED_SWIFT_STANDARD_LIBRARIES = YES;
				BUNDLE_LOADER = "$(TEST_HOST)";
				DEVELOPMENT_TEAM = A6GUQ7XNWR;
				INFOPLIST_FILE = "Safe ReachTests/Info.plist";
				LD_RUNPATH_SEARCH_PATHS = "$(inherited) @executable_path/Frameworks @loader_path/Frameworks";
				PRODUCT_BUNDLE_IDENTIFIER = "com.ginadlr.Safe-ReachTests";
				PRODUCT_NAME = "$(TARGET_NAME)";
				SWIFT_VERSION = 3.0;
				TEST_HOST = "$(BUILT_PRODUCTS_DIR)/Safe Reach.app/Safe Reach";
			};
			name = Debug;
		};
		512A57C41DBDC06C00E7FB7A /* Release */ = {
			isa = XCBuildConfiguration;
			buildSettings = {
				ALWAYS_EMBED_SWIFT_STANDARD_LIBRARIES = YES;
				BUNDLE_LOADER = "$(TEST_HOST)";
				DEVELOPMENT_TEAM = A6GUQ7XNWR;
				INFOPLIST_FILE = "Safe ReachTests/Info.plist";
				LD_RUNPATH_SEARCH_PATHS = "$(inherited) @executable_path/Frameworks @loader_path/Frameworks";
				PRODUCT_BUNDLE_IDENTIFIER = "com.ginadlr.Safe-ReachTests";
				PRODUCT_NAME = "$(TARGET_NAME)";
				SWIFT_VERSION = 3.0;
				TEST_HOST = "$(BUILT_PRODUCTS_DIR)/Safe Reach.app/Safe Reach";
			};
			name = Release;
		};
		512A57C61DBDC06C00E7FB7A /* Debug */ = {
			isa = XCBuildConfiguration;
			buildSettings = {
				ALWAYS_EMBED_SWIFT_STANDARD_LIBRARIES = YES;
				DEVELOPMENT_TEAM = A6GUQ7XNWR;
				INFOPLIST_FILE = "Safe ReachUITests/Info.plist";
				LD_RUNPATH_SEARCH_PATHS = "$(inherited) @executable_path/Frameworks @loader_path/Frameworks";
				PRODUCT_BUNDLE_IDENTIFIER = "com.ginadlr.Safe-ReachUITests";
				PRODUCT_NAME = "$(TARGET_NAME)";
				SWIFT_VERSION = 3.0;
				TEST_TARGET_NAME = "Safe Reach";
			};
			name = Debug;
		};
		512A57C71DBDC06C00E7FB7A /* Release */ = {
			isa = XCBuildConfiguration;
			buildSettings = {
				ALWAYS_EMBED_SWIFT_STANDARD_LIBRARIES = YES;
				DEVELOPMENT_TEAM = A6GUQ7XNWR;
				INFOPLIST_FILE = "Safe ReachUITests/Info.plist";
				LD_RUNPATH_SEARCH_PATHS = "$(inherited) @executable_path/Frameworks @loader_path/Frameworks";
				PRODUCT_BUNDLE_IDENTIFIER = "com.ginadlr.Safe-ReachUITests";
				PRODUCT_NAME = "$(TARGET_NAME)";
				SWIFT_VERSION = 3.0;
				TEST_TARGET_NAME = "Safe Reach";
			};
			name = Release;
		};
/* End XCBuildConfiguration section */

/* Begin XCConfigurationList section */
		512A57901DBDC06B00E7FB7A /* Build configuration list for PBXProject "Safe Reach" */ = {
			isa = XCConfigurationList;
			buildConfigurations = (
				512A57BD1DBDC06C00E7FB7A /* Debug */,
				512A57BE1DBDC06C00E7FB7A /* Release */,
			);
			defaultConfigurationIsVisible = 0;
			defaultConfigurationName = Release;
		};
		512A57BF1DBDC06C00E7FB7A /* Build configuration list for PBXNativeTarget "Safe Reach" */ = {
			isa = XCConfigurationList;
			buildConfigurations = (
				512A57C01DBDC06C00E7FB7A /* Debug */,
				512A57C11DBDC06C00E7FB7A /* Release */,
			);
			defaultConfigurationIsVisible = 0;
			defaultConfigurationName = Release;
		};
		512A57C21DBDC06C00E7FB7A /* Build configuration list for PBXNativeTarget "Safe ReachTests" */ = {
			isa = XCConfigurationList;
			buildConfigurations = (
				512A57C31DBDC06C00E7FB7A /* Debug */,
				512A57C41DBDC06C00E7FB7A /* Release */,
			);
			defaultConfigurationIsVisible = 0;
			defaultConfigurationName = Release;
		};
		512A57C51DBDC06C00E7FB7A /* Build configuration list for PBXNativeTarget "Safe ReachUITests" */ = {
			isa = XCConfigurationList;
			buildConfigurations = (
				512A57C61DBDC06C00E7FB7A /* Debug */,
				512A57C71DBDC06C00E7FB7A /* Release */,
			);
			defaultConfigurationIsVisible = 0;
			defaultConfigurationName = Release;
		};
/* End XCConfigurationList section */
	};
	rootObject = 512A578D1DBDC06B00E7FB7A /* Project object */;
}
